
Microsoft Visual Studio Solution File, Format Version 12.00
# Visual Studio Version 16
VisualStudioVersion = 16.0.29806.167
MinimumVisualStudioVersion = 10.0.40219.1
Project("{FAE04EC0-301F-11D3-BF4B-00C04F79EFBC}") = "Filter.Wpf", "Filter.Wpf\Filter.Wpf.csproj", "{7916FE5F-BF58-4143-8D22-A7051B670131}"
EndProject
Global
	GlobalSection(SolutionConfigurationPlatforms) = preSolution
		Debug|Any CPU = Debug|Any CPU
		Release|Any CPU = Release|Any CPU
	EndGlobalSection
	GlobalSection(ProjectConfigurationPlatforms) = postSolution
		{7916FE5F-BF58-4143-8D22-A7051B670131}.Debug|Any CPU.ActiveCfg = Debug|Any CPU
		{7916FE5F-BF58-4143-8D22-A7051B670131}.Debug|Any CPU.Build.0 = Debug|Any CPU
		{7916FE5F-BF58-4143-8D22-A7051B670131}.Release|Any CPU.ActiveCfg = Release|Any CPU
		{7916FE5F-BF58-4143-8D22-A7051B670131}.Release|Any CPU.Build.0 = Release|Any CPU
	EndGlobalSection
	GlobalSection(SolutionProperties) = preSolution
		HideSolutionNode = FALSE
	EndGlobalSection
	GlobalSection(ExtensibilityGlobals) = postSolution
		SolutionGuid = {29D94FE7-FB1C-45FF-973E-2205C2F94DC8}
	EndGlobalSection
EndGlobal
